
Microsoft Visual Studio Solution File, Format Version 12.00
Project("{FAE04EC0-301F-11D3-BF4B-00C04F79EFBC}") = "Hat.Api", "Hat.Api\Hat.Api.csproj", "{E18A69AD-A210-496C-A81D-E89B8CC4CFD5}"
EndProject
Project("{FAE04EC0-301F-11D3-BF4B-00C04F79EFBC}") = "Hat.Tests", "Hat.Tests\Hat.Tests.csproj", "{F70AB3F0-777F-419D-B66D-E87300F62C29}"
EndProject
Project("{FAE04EC0-301F-11D3-BF4B-00C04F79EFBC}") = "Hat.Services", "Hat.Services\Hat.Services.csproj", "{0FC3D937-4F67-4D4B-851C-D2358AB6B2F3}"
EndProject
Project("{FAE04EC0-301F-11D3-BF4B-00C04F79EFBC}") = "Hat.Domain", "Hat.Domain\Hat.Domain.csproj", "{FD2424D9-372E-4FEC-8F0F-6F1F44113DB0}"
EndProject
Project("{FAE04EC0-301F-11D3-BF4B-00C04F79EFBC}") = "Hat.Persistence", "Hat.Persistence\Hat.Persistence.csproj", "{4512AF57-73A0-4DF5-AA93-44B448741F65}"
EndProject
Global
	GlobalSection(SolutionConfigurationPlatforms) = preSolution
		Debug|Any CPU = Debug|Any CPU
		Release|Any CPU = Release|Any CPU
	EndGlobalSection
	GlobalSection(ProjectConfigurationPlatforms) = postSolution
		{E18A69AD-A210-496C-A81D-E89B8CC4CFD5}.Debug|Any CPU.ActiveCfg = Debug|Any CPU
		{E18A69AD-A210-496C-A81D-E89B8CC4CFD5}.Debug|Any CPU.Build.0 = Debug|Any CPU
		{E18A69AD-A210-496C-A81D-E89B8CC4CFD5}.Release|Any CPU.ActiveCfg = Release|Any CPU
		{E18A69AD-A210-496C-A81D-E89B8CC4CFD5}.Release|Any CPU.Build.0 = Release|Any CPU
		{F70AB3F0-777F-419D-B66D-E87300F62C29}.Debug|Any CPU.ActiveCfg = Debug|Any CPU
		{F70AB3F0-777F-419D-B66D-E87300F62C29}.Debug|Any CPU.Build.0 = Debug|Any CPU
		{F70AB3F0-777F-419D-B66D-E87300F62C29}.Release|Any CPU.ActiveCfg = Release|Any CPU
		{F70AB3F0-777F-419D-B66D-E87300F62C29}.Release|Any CPU.Build.0 = Release|Any CPU
		{0FC3D937-4F67-4D4B-851C-D2358AB6B2F3}.Debug|Any CPU.ActiveCfg = Debug|Any CPU
		{0FC3D937-4F67-4D4B-851C-D2358AB6B2F3}.Debug|Any CPU.Build.0 = Debug|Any CPU
		{0FC3D937-4F67-4D4B-851C-D2358AB6B2F3}.Release|Any CPU.ActiveCfg = Release|Any CPU
		{0FC3D937-4F67-4D4B-851C-D2358AB6B2F3}.Release|Any CPU.Build.0 = Release|Any CPU
		{FD2424D9-372E-4FEC-8F0F-6F1F44113DB0}.Debug|Any CPU.ActiveCfg = Debug|Any CPU
		{FD2424D9-372E-4FEC-8F0F-6F1F44113DB0}.Debug|Any CPU.Build.0 = Debug|Any CPU
		{FD2424D9-372E-4FEC-8F0F-6F1F44113DB0}.Release|Any CPU.ActiveCfg = Release|Any CPU
		{FD2424D9-372E-4FEC-8F0F-6F1F44113DB0}.Release|Any CPU.Build.0 = Release|Any CPU
		{4512AF57-73A0-4DF5-AA93-44B448741F65}.Debug|Any CPU.ActiveCfg = Debug|Any CPU
		{4512AF57-73A0-4DF5-AA93-44B448741F65}.Debug|Any CPU.Build.0 = Debug|Any CPU
		{4512AF57-73A0-4DF5-AA93-44B448741F65}.Release|Any CPU.ActiveCfg = Release|Any CPU
		{4512AF57-73A0-4DF5-AA93-44B448741F65}.Release|Any CPU.Build.0 = Release|Any CPU
	EndGlobalSection
EndGlobal
